
Microsoft Visual Studio Solution File, Format Version 12.00
# Visual Studio Version 17
VisualStudioVersion = 17.4.32916.344
MinimumVisualStudioVersion = 10.0.40219.1
Project("{2150E333-8FDC-42A3-9474-1A3956D46DE8}") = "01-Uvod", "01-Uvod", "{3CEB8B93-D01E-4119-A695-9D877E83A0DB}"
EndProject
Project("{9A19103F-16F7-4668-BE54-9A1E7A4F7556}") = "01_Uvod_01_Prvni_program", "01_Uvod_01_Prvni_program\01_Uvod_01_Prvni_program.csproj", "{2F9A71C8-4CE3-4B1E-BC95-43BA51EE61A5}"
EndProject
Project("{9A19103F-16F7-4668-BE54-9A1E7A4F7556}") = "01_Uvod_02_WriteLine_a_dalsi", "01_Uvod_02_WriteLine_a_dalsi\01_Uvod_02_WriteLine_a_dalsi.csproj", "{D9D76B1D-5701-4D13-BA27-E2B0C18DB7E4}"
EndProject
Project("{9A19103F-16F7-4668-BE54-9A1E7A4F7556}") = "01_Uvod_03_Uzivatelsky_vstup", "01_Uvod_03_Uzivatelsky_vstup\01_Uvod_03_Uzivatelsky_vstup.csproj", "{1B108E56-78A6-4BFE-A11E-0204FC8CE5CC}"
EndProject
Project("{9A19103F-16F7-4668-BE54-9A1E7A4F7556}") = "01_Uvod_04_Promenne", "01_Uvod_04_Promenne\01_Uvod_04_Promenne.csproj", "{8906B117-E2E9-4025-9229-16052E2031C0}"
EndProject
Project("{9A19103F-16F7-4668-BE54-9A1E7A4F7556}") = "01_Uvod_05_Cisla", "01_Uvod_05_Cisla\01_Uvod_05_Cisla.csproj", "{E1CB9052-42E0-4976-8DC8-065CCBB8333D}"
EndProject
Project("{9A19103F-16F7-4668-BE54-9A1E7A4F7556}") = "01_Uvod_06_Nacitani_cisla", "01_Uvod_06_Nacitani_cisla\01_Uvod_06_Nacitani_cisla.csproj", "{F048DB3A-419E-48DD-9C33-18AA3DED424A}"
EndProject
Project("{9A19103F-16F7-4668-BE54-9A1E7A4F7556}") = "01_Uvod_07_Char", "01_Uvod_07_Char\01_Uvod_07_Char.csproj", "{60D59F17-5D88-4F3C-9D24-7E05D612F328}"
EndProject
Project("{9A19103F-16F7-4668-BE54-9A1E7A4F7556}") = "01_Uvod_08_konzole_a_readwrite", "01_Uvod_08_konzole_a_readwrite\01_Uvod_08_konzole_a_readwrite.csproj", "{E746ABC2-66EF-4DA2-8859-DD81DED0DC68}"
EndProject
Project("{2150E333-8FDC-42A3-9474-1A3956D46DE8}") = "02-Podminky", "02-Podminky", "{FAD74354-EA33-436B-ABBC-01A0AD9A3960}"
EndProject
Project("{9A19103F-16F7-4668-BE54-9A1E7A4F7556}") = "02_Podm_01_Vyber_auta", "02_Podm_01_Vyber_auta\02_Podm_01_Vyber_auta.csproj", "{350CE0C2-8BE5-4222-8666-BAA32CC1391A}"
EndProject
Project("{9A19103F-16F7-4668-BE54-9A1E7A4F7556}") = "02_Podm_02_Vice_vetvi", "02_Podm_02_Vice_vetvi\02_Podm_02_Vice_vetvi.csproj", "{1F5813B9-CA64-4B4E-85A7-90150C7A8DB8}"
EndProject
Project("{9A19103F-16F7-4668-BE54-9A1E7A4F7556}") = "02_Podm_03_Jak_se_neopakovat", "02_Podm_03_Jak_se_neopakovat\02_Podm_03_Jak_se_neopakovat.csproj", "{3A1B2D17-A326-4C24-898F-0DF94FA9C607}"
EndProject
Project("{9A19103F-16F7-4668-BE54-9A1E7A4F7556}") = "02_Podm_04_Delidlo", "02_Podm_04_Delidlo\02_Podm_04_Delidlo.csproj", "{95E67DA8-D19D-43AE-BD6E-FCFD9F92BDC9}"
EndProject
Project("{9A19103F-16F7-4668-BE54-9A1E7A4F7556}") = "02_Podm_05_Bool", "02_Podm_05_Bool\02_Podm_05_Bool.csproj", "{FD2F02F6-C183-4359-ABD1-C037421FAB56}"
EndProject
Project("{9A19103F-16F7-4668-BE54-9A1E7A4F7556}") = "temp", "temp\temp.csproj", "{874B10C5-4DC7-4A55-94E1-F69A9AE4B2D9}"
EndProject
Project("{9A19103F-16F7-4668-BE54-9A1E7A4F7556}") = "02_Podm_06_Prehled", "02_Podm_06_Prehled\02_Podm_06_Prehled.csproj", "{704A7B7E-359E-4BF9-BCAF-98649380DAA8}"
EndProject
Project("{2150E333-8FDC-42A3-9474-1A3956D46DE8}") = "02a-Random", "02a-Random", "{81FFC67A-F17F-4A87-AD99-AE9EB0392C6E}"
EndProject
Project("{9A19103F-16F7-4668-BE54-9A1E7A4F7556}") = "02_Podm_07_Nacteni_klavesy", "02_Podm_07_Nacteni_klavesy\02_Podm_07_Nacteni_klavesy.csproj", "{FA239AD5-DAB1-4A12-9CCC-371D251F6420}"
EndProject
Project("{9A19103F-16F7-4668-BE54-9A1E7A4F7556}") = "02a_Random_01_Demo", "02a_random_01_Demo\02a_Random_01_Demo.csproj", "{DE6204CD-93C7-46A8-B4AD-0D027634693E}"
EndProject
Project("{9A19103F-16F7-4668-BE54-9A1E7A4F7556}") = "02_Podm_08_Je_Torjuhelnik", "02_Podm_08_Je_Torjuhelnik\02_Podm_08_Je_Torjuhelnik.csproj", "{414CA1AD-F829-424D-8E05-A7FBB24F86C5}"
EndProject
Project("{9A19103F-16F7-4668-BE54-9A1E7A4F7556}") = "02_Podm_09_kolik_dnu", "02_Podm_09_kolik_dnu\02_Podm_09_kolik_dnu.csproj", "{C0AA3413-4894-4A56-83F9-F5872BB91503}"
EndProject
Project("{9A19103F-16F7-4668-BE54-9A1E7A4F7556}") = "02_Podm_10_Prestupny_rok", "02_Podm_10_Prestupny_rok\02_Podm_10_Prestupny_rok.csproj", "{36146EA9-16A1-4CD6-BF9E-CA0D9E84D6D6}"
EndProject
Project("{9A19103F-16F7-4668-BE54-9A1E7A4F7556}") = "02_Podm_11_Nejvetsi", "02_Podm_11_Nejvetsi\02_Podm_11_Nejvetsi.csproj", "{ABD117FF-EE98-46B2-B9C5-80AA9654C87F}"
EndProject
Project("{2150E333-8FDC-42A3-9474-1A3956D46DE8}") = "03-While", "03-While", "{8633C658-1B1A-4F3D-B07E-F514F746A36C}"
EndProject
Project("{9A19103F-16F7-4668-BE54-9A1E7A4F7556}") = "03_While_01_Kladne_cislo", "03_While_01_Kladne_cislo\03_While_01_Kladne_cislo.csproj", "{D4742D5A-7313-4346-9DC7-BBC811285184}"
EndProject
Project("{9A19103F-16F7-4668-BE54-9A1E7A4F7556}") = "03_While_02_Pocitani", "03_While_02_Pocitani\03_While_02_Pocitani.csproj", "{BCAA334F-4D14-43A1-A6DB-AA4A813B78D6}"
EndProject
Project("{9A19103F-16F7-4668-BE54-9A1E7A4F7556}") = "03_While_03_Den_v_tydnu_bezpecne", "03_While_03_Den_v_tydnu_bezpecne\03_While_03_Den_v_tydnu_bezpecne.csproj", "{9BD4CCC5-09CD-4DD4-BBF3-10822632D2B9}"
EndProject
Project("{9A19103F-16F7-4668-BE54-9A1E7A4F7556}") = "03_While_04_Nacitani_do_nuly", "03_While_04_Nacitani_do_nuly\03_While_04_Nacitani_do_nuly.csproj", "{9301A978-F54D-404A-8158-EFB77F7CCDA3}"
EndProject
Project("{9A19103F-16F7-4668-BE54-9A1E7A4F7556}") = "03_While_05_Nacitani_slova", "03_While_05_Nacitani_slova\03_While_05_Nacitani_slova.csproj", "{C0E3C98B-20E7-43BB-81ED-08066250C2D9}"
EndProject
Project("{9A19103F-16F7-4668-BE54-9A1E7A4F7556}") = "03_While_06_Kdy_padne", "03-While_06_Kdy_padne\03_While_06_Kdy_padne.csproj", "{90A8C632-ED6B-4A4E-A3E9-CD4D87274DC4}"
EndProject
Project("{9A19103F-16F7-4668-BE54-9A1E7A4F7556}") = "03_While_07_Kolik_bude_sestek", "03_While_07_Kolik_bude_sestek\03_While_07_Kolik_bude_sestek.csproj", "{9BDA2700-69CC-4DE9-AA6C-CE48FAA8BDAC}"
EndProject
Project("{9A19103F-16F7-4668-BE54-9A1E7A4F7556}") = "03_While_08_Bezpecne_nacteni_cisla", "03_While_08_Bezpecne_nacteni_cisla\03_While_08_Bezpecne_nacteni_cisla.csproj", "{A4E1AE8B-523C-4B3C-A273-88D436A5DBCD}"
EndProject
Project("{9A19103F-16F7-4668-BE54-9A1E7A4F7556}") = "03_While_09_Hra_v_kostky_na_tri_vitezne", "03_While_09_Hra_v_kostky_na_tri_vitezne\03_While_09_Hra_v_kostky_na_tri_vitezne.csproj", "{4C041C24-6EBD-4DD4-81DA-D9A2F878948A}"
EndProject
Project("{9A19103F-16F7-4668-BE54-9A1E7A4F7556}") = "03_While_10_Prumerny_hod", "03_While_10_Prumerny_hod\03_While_10_Prumerny_hod.csproj", "{08F854E6-F3B9-474A-A0E4-045781BF1EA5}"
EndProject
Project("{9A19103F-16F7-4668-BE54-9A1E7A4F7556}") = "03_While_11_Zebriky_a_hadi", "03_While_11_Zebriky_a_hadi\03_While_11_Zebriky_a_hadi.csproj", "{FC4E84A1-3F94-4009-B636-6FA7E98F94A8}"
EndProject
Project("{9A19103F-16F7-4668-BE54-9A1E7A4F7556}") = "03_While_12_Parsovani_podruhe", "03_While_12_Parsovani_podruhe\03_While_12_Parsovani_podruhe.csproj", "{812A81BF-113D-421B-9C07-2024D8EC2B2E}"
EndProject
Project("{9A19103F-16F7-4668-BE54-9A1E7A4F7556}") = "03_While_13_NIm", "03_While_13_NIm\03_While_13_NIm.csproj", "{ADC782F6-DBD4-4FD5-B9B9-39BE97DD8AE5}"
EndProject
Project("{9A19103F-16F7-4668-BE54-9A1E7A4F7556}") = "04_For_01_Demo", "04_For_01_Demo\04_For_01_Demo.csproj", "{FD78ECE5-EDA1-45C1-B571-D1970F5D1DA9}"
EndProject
Project("{2150E333-8FDC-42A3-9474-1A3956D46DE8}") = "04_For", "04_For", "{9BF4BF94-9ED1-47AF-A15F-506D39532971}"
EndProject
Project("{9A19103F-16F7-4668-BE54-9A1E7A4F7556}") = "04_For_02_Retezce", "04-For_02_Retezce\04_For_02_Retezce.csproj", "{6D2D87A2-3F24-43EF-98DD-D7DB1A041511}"
EndProject
Project("{9A19103F-16F7-4668-BE54-9A1E7A4F7556}") = "04_For_03_Algebrogram", "04_For_03_Algebrogram\04_For_03_Algebrogram.csproj", "{A05D60D1-6C67-4A08-8FE3-1F6A985E8307}"
EndProject
Project("{9A19103F-16F7-4668-BE54-9A1E7A4F7556}") = "04_For_04_Ctverec", "04_For_04_Ctverec\04_For_04_Ctverec.csproj", "{F95EECF0-4ED5-4398-B3D4-998D225A602A}"
EndProject
Project("{FAE04EC0-301F-11D3-BF4B-00C04F79EFBC}") = "04_For_05_Caesar", "04_For_05_Caesar\04_For_05_Caesar.csproj", "{3B04503E-E229-403B-B2E4-9363361B3156}"
EndProject
Global
	GlobalSection(SolutionConfigurationPlatforms) = preSolution
		Debug|Any CPU = Debug|Any CPU
		Release|Any CPU = Release|Any CPU
	EndGlobalSection
	GlobalSection(ProjectConfigurationPlatforms) = postSolution
		{2F9A71C8-4CE3-4B1E-BC95-43BA51EE61A5}.Debug|Any CPU.ActiveCfg = Debug|Any CPU
		{2F9A71C8-4CE3-4B1E-BC95-43BA51EE61A5}.Debug|Any CPU.Build.0 = Debug|Any CPU
		{2F9A71C8-4CE3-4B1E-BC95-43BA51EE61A5}.Release|Any CPU.ActiveCfg = Release|Any CPU
		{2F9A71C8-4CE3-4B1E-BC95-43BA51EE61A5}.Release|Any CPU.Build.0 = Release|Any CPU
		{D9D76B1D-5701-4D13-BA27-E2B0C18DB7E4}.Debug|Any CPU.ActiveCfg = Debug|Any CPU
		{D9D76B1D-5701-4D13-BA27-E2B0C18DB7E4}.Debug|Any CPU.Build.0 = Debug|Any CPU
		{D9D76B1D-5701-4D13-BA27-E2B0C18DB7E4}.Release|Any CPU.ActiveCfg = Release|Any CPU
		{D9D76B1D-5701-4D13-BA27-E2B0C18DB7E4}.Release|Any CPU.Build.0 = Release|Any CPU
		{1B108E56-78A6-4BFE-A11E-0204FC8CE5CC}.Debug|Any CPU.ActiveCfg = Debug|Any CPU
		{1B108E56-78A6-4BFE-A11E-0204FC8CE5CC}.Debug|Any CPU.Build.0 = Debug|Any CPU
		{1B108E56-78A6-4BFE-A11E-0204FC8CE5CC}.Release|Any CPU.ActiveCfg = Release|Any CPU
		{1B108E56-78A6-4BFE-A11E-0204FC8CE5CC}.Release|Any CPU.Build.0 = Release|Any CPU
		{8906B117-E2E9-4025-9229-16052E2031C0}.Debug|Any CPU.ActiveCfg = Debug|Any CPU
		{8906B117-E2E9-4025-9229-16052E2031C0}.Debug|Any CPU.Build.0 = Debug|Any CPU
		{8906B117-E2E9-4025-9229-16052E2031C0}.Release|Any CPU.ActiveCfg = Release|Any CPU
		{8906B117-E2E9-4025-9229-16052E2031C0}.Release|Any CPU.Build.0 = Release|Any CPU
		{E1CB9052-42E0-4976-8DC8-065CCBB8333D}.Debug|Any CPU.ActiveCfg = Debug|Any CPU
		{E1CB9052-42E0-4976-8DC8-065CCBB8333D}.Debug|Any CPU.Build.0 = Debug|Any CPU
		{E1CB9052-42E0-4976-8DC8-065CCBB8333D}.Release|Any CPU.ActiveCfg = Release|Any CPU
		{E1CB9052-42E0-4976-8DC8-065CCBB8333D}.Release|Any CPU.Build.0 = Release|Any CPU
		{F048DB3A-419E-48DD-9C33-18AA3DED424A}.Debug|Any CPU.ActiveCfg = Debug|Any CPU
		{F048DB3A-419E-48DD-9C33-18AA3DED424A}.Debug|Any CPU.Build.0 = Debug|Any CPU
		{F048DB3A-419E-48DD-9C33-18AA3DED424A}.Release|Any CPU.ActiveCfg = Release|Any CPU
		{F048DB3A-419E-48DD-9C33-18AA3DED424A}.Release|Any CPU.Build.0 = Release|Any CPU
		{60D59F17-5D88-4F3C-9D24-7E05D612F328}.Debug|Any CPU.ActiveCfg = Debug|Any CPU
		{60D59F17-5D88-4F3C-9D24-7E05D612F328}.Debug|Any CPU.Build.0 = Debug|Any CPU
		{60D59F17-5D88-4F3C-9D24-7E05D612F328}.Release|Any CPU.ActiveCfg = Release|Any CPU
		{60D59F17-5D88-4F3C-9D24-7E05D612F328}.Release|Any CPU.Build.0 = Release|Any CPU
		{E746ABC2-66EF-4DA2-8859-DD81DED0DC68}.Debug|Any CPU.ActiveCfg = Debug|Any CPU
		{E746ABC2-66EF-4DA2-8859-DD81DED0DC68}.Debug|Any CPU.Build.0 = Debug|Any CPU
		{E746ABC2-66EF-4DA2-8859-DD81DED0DC68}.Release|Any CPU.ActiveCfg = Release|Any CPU
		{E746ABC2-66EF-4DA2-8859-DD81DED0DC68}.Release|Any CPU.Build.0 = Release|Any CPU
		{350CE0C2-8BE5-4222-8666-BAA32CC1391A}.Debug|Any CPU.ActiveCfg = Debug|Any CPU
		{350CE0C2-8BE5-4222-8666-BAA32CC1391A}.Debug|Any CPU.Build.0 = Debug|Any CPU
		{350CE0C2-8BE5-4222-8666-BAA32CC1391A}.Release|Any CPU.ActiveCfg = Release|Any CPU
		{350CE0C2-8BE5-4222-8666-BAA32CC1391A}.Release|Any CPU.Build.0 = Release|Any CPU
		{1F5813B9-CA64-4B4E-85A7-90150C7A8DB8}.Debug|Any CPU.ActiveCfg = Debug|Any CPU
		{1F5813B9-CA64-4B4E-85A7-90150C7A8DB8}.Debug|Any CPU.Build.0 = Debug|Any CPU
		{1F5813B9-CA64-4B4E-85A7-90150C7A8DB8}.Release|Any CPU.ActiveCfg = Release|Any CPU
		{1F5813B9-CA64-4B4E-85A7-90150C7A8DB8}.Release|Any CPU.Build.0 = Release|Any CPU
		{3A1B2D17-A326-4C24-898F-0DF94FA9C607}.Debug|Any CPU.ActiveCfg = Debug|Any CPU
		{3A1B2D17-A326-4C24-898F-0DF94FA9C607}.Debug|Any CPU.Build.0 = Debug|Any CPU
		{3A1B2D17-A326-4C24-898F-0DF94FA9C607}.Release|Any CPU.ActiveCfg = Release|Any CPU
		{3A1B2D17-A326-4C24-898F-0DF94FA9C607}.Release|Any CPU.Build.0 = Release|Any CPU
		{95E67DA8-D19D-43AE-BD6E-FCFD9F92BDC9}.Debug|Any CPU.ActiveCfg = Debug|Any CPU
		{95E67DA8-D19D-43AE-BD6E-FCFD9F92BDC9}.Debug|Any CPU.Build.0 = Debug|Any CPU
		{95E67DA8-D19D-43AE-BD6E-FCFD9F92BDC9}.Release|Any CPU.ActiveCfg = Release|Any CPU
		{95E67DA8-D19D-43AE-BD6E-FCFD9F92BDC9}.Release|Any CPU.Build.0 = Release|Any CPU
		{FD2F02F6-C183-4359-ABD1-C037421FAB56}.Debug|Any CPU.ActiveCfg = Debug|Any CPU
		{FD2F02F6-C183-4359-ABD1-C037421FAB56}.Debug|Any CPU.Build.0 = Debug|Any CPU
		{FD2F02F6-C183-4359-ABD1-C037421FAB56}.Release|Any CPU.ActiveCfg = Release|Any CPU
		{FD2F02F6-C183-4359-ABD1-C037421FAB56}.Release|Any CPU.Build.0 = Release|Any CPU
		{874B10C5-4DC7-4A55-94E1-F69A9AE4B2D9}.Debug|Any CPU.ActiveCfg = Debug|Any CPU
		{874B10C5-4DC7-4A55-94E1-F69A9AE4B2D9}.Debug|Any CPU.Build.0 = Debug|Any CPU
		{874B10C5-4DC7-4A55-94E1-F69A9AE4B2D9}.Release|Any CPU.ActiveCfg = Release|Any CPU
		{874B10C5-4DC7-4A55-94E1-F69A9AE4B2D9}.Release|Any CPU.Build.0 = Release|Any CPU
		{704A7B7E-359E-4BF9-BCAF-98649380DAA8}.Debug|Any CPU.ActiveCfg = Debug|Any CPU
		{704A7B7E-359E-4BF9-BCAF-98649380DAA8}.Debug|Any CPU.Build.0 = Debug|Any CPU
		{704A7B7E-359E-4BF9-BCAF-98649380DAA8}.Release|Any CPU.ActiveCfg = Release|Any CPU
		{704A7B7E-359E-4BF9-BCAF-98649380DAA8}.Release|Any CPU.Build.0 = Release|Any CPU
		{FA239AD5-DAB1-4A12-9CCC-371D251F6420}.Debug|Any CPU.ActiveCfg = Debug|Any CPU
		{FA239AD5-DAB1-4A12-9CCC-371D251F6420}.Debug|Any CPU.Build.0 = Debug|Any CPU
		{FA239AD5-DAB1-4A12-9CCC-371D251F6420}.Release|Any CPU.ActiveCfg = Release|Any CPU
		{FA239AD5-DAB1-4A12-9CCC-371D251F6420}.Release|Any CPU.Build.0 = Release|Any CPU
		{DE6204CD-93C7-46A8-B4AD-0D027634693E}.Debug|Any CPU.ActiveCfg = Debug|Any CPU
		{DE6204CD-93C7-46A8-B4AD-0D027634693E}.Debug|Any CPU.Build.0 = Debug|Any CPU
		{DE6204CD-93C7-46A8-B4AD-0D027634693E}.Release|Any CPU.ActiveCfg = Release|Any CPU
		{DE6204CD-93C7-46A8-B4AD-0D027634693E}.Release|Any CPU.Build.0 = Release|Any CPU
		{414CA1AD-F829-424D-8E05-A7FBB24F86C5}.Debug|Any CPU.ActiveCfg = Debug|Any CPU
		{414CA1AD-F829-424D-8E05-A7FBB24F86C5}.Debug|Any CPU.Build.0 = Debug|Any CPU
		{414CA1AD-F829-424D-8E05-A7FBB24F86C5}.Release|Any CPU.ActiveCfg = Release|Any CPU
		{414CA1AD-F829-424D-8E05-A7FBB24F86C5}.Release|Any CPU.Build.0 = Release|Any CPU
		{C0AA3413-4894-4A56-83F9-F5872BB91503}.Debug|Any CPU.ActiveCfg = Debug|Any CPU
		{C0AA3413-4894-4A56-83F9-F5872BB91503}.Debug|Any CPU.Build.0 = Debug|Any CPU
		{C0AA3413-4894-4A56-83F9-F5872BB91503}.Release|Any CPU.ActiveCfg = Release|Any CPU
		{C0AA3413-4894-4A56-83F9-F5872BB91503}.Release|Any CPU.Build.0 = Release|Any CPU
		{36146EA9-16A1-4CD6-BF9E-CA0D9E84D6D6}.Debug|Any CPU.ActiveCfg = Debug|Any CPU
		{36146EA9-16A1-4CD6-BF9E-CA0D9E84D6D6}.Debug|Any CPU.Build.0 = Debug|Any CPU
		{36146EA9-16A1-4CD6-BF9E-CA0D9E84D6D6}.Release|Any CPU.ActiveCfg = Release|Any CPU
		{36146EA9-16A1-4CD6-BF9E-CA0D9E84D6D6}.Release|Any CPU.Build.0 = Release|Any CPU
		{ABD117FF-EE98-46B2-B9C5-80AA9654C87F}.Debug|Any CPU.ActiveCfg = Debug|Any CPU
		{ABD117FF-EE98-46B2-B9C5-80AA9654C87F}.Debug|Any CPU.Build.0 = Debug|Any CPU
		{ABD117FF-EE98-46B2-B9C5-80AA9654C87F}.Release|Any CPU.ActiveCfg = Release|Any CPU
		{ABD117FF-EE98-46B2-B9C5-80AA9654C87F}.Release|Any CPU.Build.0 = Release|Any CPU
		{D4742D5A-7313-4346-9DC7-BBC811285184}.Debug|Any CPU.ActiveCfg = Debug|Any CPU
		{D4742D5A-7313-4346-9DC7-BBC811285184}.Debug|Any CPU.Build.0 = Debug|Any CPU
		{D4742D5A-7313-4346-9DC7-BBC811285184}.Release|Any CPU.ActiveCfg = Release|Any CPU
		{D4742D5A-7313-4346-9DC7-BBC811285184}.Release|Any CPU.Build.0 = Release|Any CPU
		{BCAA334F-4D14-43A1-A6DB-AA4A813B78D6}.Debug|Any CPU.ActiveCfg = Debug|Any CPU
		{BCAA334F-4D14-43A1-A6DB-AA4A813B78D6}.Debug|Any CPU.Build.0 = Debug|Any CPU
		{BCAA334F-4D14-43A1-A6DB-AA4A813B78D6}.Release|Any CPU.ActiveCfg = Release|Any CPU
		{BCAA334F-4D14-43A1-A6DB-AA4A813B78D6}.Release|Any CPU.Build.0 = Release|Any CPU
		{9BD4CCC5-09CD-4DD4-BBF3-10822632D2B9}.Debug|Any CPU.ActiveCfg = Debug|Any CPU
		{9BD4CCC5-09CD-4DD4-BBF3-10822632D2B9}.Debug|Any CPU.Build.0 = Debug|Any CPU
		{9BD4CCC5-09CD-4DD4-BBF3-10822632D2B9}.Release|Any CPU.ActiveCfg = Release|Any CPU
		{9BD4CCC5-09CD-4DD4-BBF3-10822632D2B9}.Release|Any CPU.Build.0 = Release|Any CPU
		{9301A978-F54D-404A-8158-EFB77F7CCDA3}.Debug|Any CPU.ActiveCfg = Debug|Any CPU
		{9301A978-F54D-404A-8158-EFB77F7CCDA3}.Debug|Any CPU.Build.0 = Debug|Any CPU
		{9301A978-F54D-404A-8158-EFB77F7CCDA3}.Release|Any CPU.ActiveCfg = Release|Any CPU
		{9301A978-F54D-404A-8158-EFB77F7CCDA3}.Release|Any CPU.Build.0 = Release|Any CPU
		{C0E3C98B-20E7-43BB-81ED-08066250C2D9}.Debug|Any CPU.ActiveCfg = Debug|Any CPU
		{C0E3C98B-20E7-43BB-81ED-08066250C2D9}.Debug|Any CPU.Build.0 = Debug|Any CPU
		{C0E3C98B-20E7-43BB-81ED-08066250C2D9}.Release|Any CPU.ActiveCfg = Release|Any CPU
		{C0E3C98B-20E7-43BB-81ED-08066250C2D9}.Release|Any CPU.Build.0 = Release|Any CPU
		{90A8C632-ED6B-4A4E-A3E9-CD4D87274DC4}.Debug|Any CPU.ActiveCfg = Debug|Any CPU
		{90A8C632-ED6B-4A4E-A3E9-CD4D87274DC4}.Debug|Any CPU.Build.0 = Debug|Any CPU
		{90A8C632-ED6B-4A4E-A3E9-CD4D87274DC4}.Release|Any CPU.ActiveCfg = Release|Any CPU
		{90A8C632-ED6B-4A4E-A3E9-CD4D87274DC4}.Release|Any CPU.Build.0 = Release|Any CPU
		{9BDA2700-69CC-4DE9-AA6C-CE48FAA8BDAC}.Debug|Any CPU.ActiveCfg = Debug|Any CPU
		{9BDA2700-69CC-4DE9-AA6C-CE48FAA8BDAC}.Debug|Any CPU.Build.0 = Debug|Any CPU
		{9BDA2700-69CC-4DE9-AA6C-CE48FAA8BDAC}.Release|Any CPU.ActiveCfg = Release|Any CPU
		{9BDA2700-69CC-4DE9-AA6C-CE48FAA8BDAC}.Release|Any CPU.Build.0 = Release|Any CPU
		{A4E1AE8B-523C-4B3C-A273-88D436A5DBCD}.Debug|Any CPU.ActiveCfg = Debug|Any CPU
		{A4E1AE8B-523C-4B3C-A273-88D436A5DBCD}.Debug|Any CPU.Build.0 = Debug|Any CPU
		{A4E1AE8B-523C-4B3C-A273-88D436A5DBCD}.Release|Any CPU.ActiveCfg = Release|Any CPU
		{A4E1AE8B-523C-4B3C-A273-88D436A5DBCD}.Release|Any CPU.Build.0 = Release|Any CPU
		{4C041C24-6EBD-4DD4-81DA-D9A2F878948A}.Debug|Any CPU.ActiveCfg = Debug|Any CPU
		{4C041C24-6EBD-4DD4-81DA-D9A2F878948A}.Debug|Any CPU.Build.0 = Debug|Any CPU
		{4C041C24-6EBD-4DD4-81DA-D9A2F878948A}.Release|Any CPU.ActiveCfg = Release|Any CPU
		{4C041C24-6EBD-4DD4-81DA-D9A2F878948A}.Release|Any CPU.Build.0 = Release|Any CPU
		{08F854E6-F3B9-474A-A0E4-045781BF1EA5}.Debug|Any CPU.ActiveCfg = Debug|Any CPU
		{08F854E6-F3B9-474A-A0E4-045781BF1EA5}.Debug|Any CPU.Build.0 = Debug|Any CPU
		{08F854E6-F3B9-474A-A0E4-045781BF1EA5}.Release|Any CPU.ActiveCfg = Release|Any CPU
		{08F854E6-F3B9-474A-A0E4-045781BF1EA5}.Release|Any CPU.Build.0 = Release|Any CPU
		{FC4E84A1-3F94-4009-B636-6FA7E98F94A8}.Debug|Any CPU.ActiveCfg = Debug|Any CPU
		{FC4E84A1-3F94-4009-B636-6FA7E98F94A8}.Debug|Any CPU.Build.0 = Debug|Any CPU
		{FC4E84A1-3F94-4009-B636-6FA7E98F94A8}.Release|Any CPU.ActiveCfg = Release|Any CPU
		{FC4E84A1-3F94-4009-B636-6FA7E98F94A8}.Release|Any CPU.Build.0 = Release|Any CPU
		{812A81BF-113D-421B-9C07-2024D8EC2B2E}.Debug|Any CPU.ActiveCfg = Debug|Any CPU
		{812A81BF-113D-421B-9C07-2024D8EC2B2E}.Debug|Any CPU.Build.0 = Debug|Any CPU
		{812A81BF-113D-421B-9C07-2024D8EC2B2E}.Release|Any CPU.ActiveCfg = Release|Any CPU
		{812A81BF-113D-421B-9C07-2024D8EC2B2E}.Release|Any CPU.Build.0 = Release|Any CPU
		{ADC782F6-DBD4-4FD5-B9B9-39BE97DD8AE5}.Debug|Any CPU.ActiveCfg = Debug|Any CPU
		{ADC782F6-DBD4-4FD5-B9B9-39BE97DD8AE5}.Debug|Any CPU.Build.0 = Debug|Any CPU
		{ADC782F6-DBD4-4FD5-B9B9-39BE97DD8AE5}.Release|Any CPU.ActiveCfg = Release|Any CPU
		{ADC782F6-DBD4-4FD5-B9B9-39BE97DD8AE5}.Release|Any CPU.Build.0 = Release|Any CPU
		{FD78ECE5-EDA1-45C1-B571-D1970F5D1DA9}.Debug|Any CPU.ActiveCfg = Debug|Any CPU
		{FD78ECE5-EDA1-45C1-B571-D1970F5D1DA9}.Debug|Any CPU.Build.0 = Debug|Any CPU
		{FD78ECE5-EDA1-45C1-B571-D1970F5D1DA9}.Release|Any CPU.ActiveCfg = Release|Any CPU
		{FD78ECE5-EDA1-45C1-B571-D1970F5D1DA9}.Release|Any CPU.Build.0 = Release|Any CPU
		{6D2D87A2-3F24-43EF-98DD-D7DB1A041511}.Debug|Any CPU.ActiveCfg = Debug|Any CPU
		{6D2D87A2-3F24-43EF-98DD-D7DB1A041511}.Debug|Any CPU.Build.0 = Debug|Any CPU
		{6D2D87A2-3F24-43EF-98DD-D7DB1A041511}.Release|Any CPU.ActiveCfg = Release|Any CPU
		{6D2D87A2-3F24-43EF-98DD-D7DB1A041511}.Release|Any CPU.Build.0 = Release|Any CPU
		{A05D60D1-6C67-4A08-8FE3-1F6A985E8307}.Debug|Any CPU.ActiveCfg = Debug|Any CPU
		{A05D60D1-6C67-4A08-8FE3-1F6A985E8307}.Debug|Any CPU.Build.0 = Debug|Any CPU
		{A05D60D1-6C67-4A08-8FE3-1F6A985E8307}.Release|Any CPU.ActiveCfg = Release|Any CPU
		{A05D60D1-6C67-4A08-8FE3-1F6A985E8307}.Release|Any CPU.Build.0 = Release|Any CPU
		{F95EECF0-4ED5-4398-B3D4-998D225A602A}.Debug|Any CPU.ActiveCfg = Debug|Any CPU
		{F95EECF0-4ED5-4398-B3D4-998D225A602A}.Debug|Any CPU.Build.0 = Debug|Any CPU
		{F95EECF0-4ED5-4398-B3D4-998D225A602A}.Release|Any CPU.ActiveCfg = Release|Any CPU
		{F95EECF0-4ED5-4398-B3D4-998D225A602A}.Release|Any CPU.Build.0 = Release|Any CPU
		{3B04503E-E229-403B-B2E4-9363361B3156}.Debug|Any CPU.ActiveCfg = Debug|Any CPU
		{3B04503E-E229-403B-B2E4-9363361B3156}.Debug|Any CPU.Build.0 = Debug|Any CPU
		{3B04503E-E229-403B-B2E4-9363361B3156}.Release|Any CPU.ActiveCfg = Release|Any CPU
		{3B04503E-E229-403B-B2E4-9363361B3156}.Release|Any CPU.Build.0 = Release|Any CPU
	EndGlobalSection
	GlobalSection(SolutionProperties) = preSolution
		HideSolutionNode = FALSE
	EndGlobalSection
	GlobalSection(NestedProjects) = preSolution
		{2F9A71C8-4CE3-4B1E-BC95-43BA51EE61A5} = {3CEB8B93-D01E-4119-A695-9D877E83A0DB}
		{D9D76B1D-5701-4D13-BA27-E2B0C18DB7E4} = {3CEB8B93-D01E-4119-A695-9D877E83A0DB}
		{1B108E56-78A6-4BFE-A11E-0204FC8CE5CC} = {3CEB8B93-D01E-4119-A695-9D877E83A0DB}
		{8906B117-E2E9-4025-9229-16052E2031C0} = {3CEB8B93-D01E-4119-A695-9D877E83A0DB}
		{E1CB9052-42E0-4976-8DC8-065CCBB8333D} = {3CEB8B93-D01E-4119-A695-9D877E83A0DB}
		{F048DB3A-419E-48DD-9C33-18AA3DED424A} = {3CEB8B93-D01E-4119-A695-9D877E83A0DB}
		{60D59F17-5D88-4F3C-9D24-7E05D612F328} = {3CEB8B93-D01E-4119-A695-9D877E83A0DB}
		{E746ABC2-66EF-4DA2-8859-DD81DED0DC68} = {3CEB8B93-D01E-4119-A695-9D877E83A0DB}
		{350CE0C2-8BE5-4222-8666-BAA32CC1391A} = {FAD74354-EA33-436B-ABBC-01A0AD9A3960}
		{1F5813B9-CA64-4B4E-85A7-90150C7A8DB8} = {FAD74354-EA33-436B-ABBC-01A0AD9A3960}
		{3A1B2D17-A326-4C24-898F-0DF94FA9C607} = {FAD74354-EA33-436B-ABBC-01A0AD9A3960}
		{95E67DA8-D19D-43AE-BD6E-FCFD9F92BDC9} = {FAD74354-EA33-436B-ABBC-01A0AD9A3960}
		{FD2F02F6-C183-4359-ABD1-C037421FAB56} = {FAD74354-EA33-436B-ABBC-01A0AD9A3960}
		{704A7B7E-359E-4BF9-BCAF-98649380DAA8} = {FAD74354-EA33-436B-ABBC-01A0AD9A3960}
		{FA239AD5-DAB1-4A12-9CCC-371D251F6420} = {FAD74354-EA33-436B-ABBC-01A0AD9A3960}
		{DE6204CD-93C7-46A8-B4AD-0D027634693E} = {81FFC67A-F17F-4A87-AD99-AE9EB0392C6E}
		{414CA1AD-F829-424D-8E05-A7FBB24F86C5} = {FAD74354-EA33-436B-ABBC-01A0AD9A3960}
		{C0AA3413-4894-4A56-83F9-F5872BB91503} = {FAD74354-EA33-436B-ABBC-01A0AD9A3960}
		{36146EA9-16A1-4CD6-BF9E-CA0D9E84D6D6} = {FAD74354-EA33-436B-ABBC-01A0AD9A3960}
		{ABD117FF-EE98-46B2-B9C5-80AA9654C87F} = {FAD74354-EA33-436B-ABBC-01A0AD9A3960}
		{D4742D5A-7313-4346-9DC7-BBC811285184} = {8633C658-1B1A-4F3D-B07E-F514F746A36C}
		{BCAA334F-4D14-43A1-A6DB-AA4A813B78D6} = {8633C658-1B1A-4F3D-B07E-F514F746A36C}
		{9BD4CCC5-09CD-4DD4-BBF3-10822632D2B9} = {8633C658-1B1A-4F3D-B07E-F514F746A36C}
		{9301A978-F54D-404A-8158-EFB77F7CCDA3} = {8633C658-1B1A-4F3D-B07E-F514F746A36C}
		{C0E3C98B-20E7-43BB-81ED-08066250C2D9} = {8633C658-1B1A-4F3D-B07E-F514F746A36C}
		{90A8C632-ED6B-4A4E-A3E9-CD4D87274DC4} = {8633C658-1B1A-4F3D-B07E-F514F746A36C}
		{9BDA2700-69CC-4DE9-AA6C-CE48FAA8BDAC} = {8633C658-1B1A-4F3D-B07E-F514F746A36C}
		{A4E1AE8B-523C-4B3C-A273-88D436A5DBCD} = {8633C658-1B1A-4F3D-B07E-F514F746A36C}
		{4C041C24-6EBD-4DD4-81DA-D9A2F878948A} = {8633C658-1B1A-4F3D-B07E-F514F746A36C}
		{08F854E6-F3B9-474A-A0E4-045781BF1EA5} = {8633C658-1B1A-4F3D-B07E-F514F746A36C}
		{FC4E84A1-3F94-4009-B636-6FA7E98F94A8} = {8633C658-1B1A-4F3D-B07E-F514F746A36C}
		{812A81BF-113D-421B-9C07-2024D8EC2B2E} = {8633C658-1B1A-4F3D-B07E-F514F746A36C}
		{ADC782F6-DBD4-4FD5-B9B9-39BE97DD8AE5} = {8633C658-1B1A-4F3D-B07E-F514F746A36C}
		{FD78ECE5-EDA1-45C1-B571-D1970F5D1DA9} = {9BF4BF94-9ED1-47AF-A15F-506D39532971}
		{6D2D87A2-3F24-43EF-98DD-D7DB1A041511} = {9BF4BF94-9ED1-47AF-A15F-506D39532971}
		{A05D60D1-6C67-4A08-8FE3-1F6A985E8307} = {9BF4BF94-9ED1-47AF-A15F-506D39532971}
		{F95EECF0-4ED5-4398-B3D4-998D225A602A} = {9BF4BF94-9ED1-47AF-A15F-506D39532971}
		{3B04503E-E229-403B-B2E4-9363361B3156} = {9BF4BF94-9ED1-47AF-A15F-506D39532971}
	EndGlobalSection
	GlobalSection(ExtensibilityGlobals) = postSolution
		SolutionGuid = {38C1C8D0-29B8-47BE-95B8-F061645B809A}
	EndGlobalSection
EndGlobal
